
Microsoft Visual Studio Solution File, Format Version 12.00
# Visual Studio Version 17
VisualStudioVersion = 17.12.35514.174 d17.12
MinimumVisualStudioVersion = 10.0.40219.1
Project("{D2ABAB84-BF74-430A-B69E-9DC6D40DDA17}") = "lab4hd_02", "lab4hd_02\lab4hd_02.dwproj", "{236A4937-3F5C-4624-879C-EA2FC481CFB2}"
EndProject
Global
	GlobalSection(SolutionConfigurationPlatforms) = preSolution
		Development|Default = Development|Default
	EndGlobalSection
	GlobalSection(ProjectConfigurationPlatforms) = postSolution
		{236A4937-3F5C-4624-879C-EA2FC481CFB2}.Development|Default.ActiveCfg = Development
		{236A4937-3F5C-4624-879C-EA2FC481CFB2}.Development|Default.Build.0 = Development
		{236A4937-3F5C-4624-879C-EA2FC481CFB2}.Development|Default.Deploy.0 = Development
	EndGlobalSection
	GlobalSection(SolutionProperties) = preSolution
		HideSolutionNode = FALSE
	EndGlobalSection
EndGlobal
